
Microsoft Visual Studio Solution File, Format Version 12.00
# Visual Studio Version 16
VisualStudioVersion = 16.0.31410.357
MinimumVisualStudioVersion = 10.0.40219.1
Project("{FAE04EC0-301F-11D3-BF4B-00C04F79EFBC}") = "HotelListingAPI", "HotelListingAPI\HotelListingAPI.csproj", "{82B265FA-F387-4D58-BC02-31FE65D84322}"
EndProject
Global
	GlobalSection(SolutionConfigurationPlatforms) = preSolution
		Debug|Any CPU = Debug|Any CPU
		Release|Any CPU = Release|Any CPU
	EndGlobalSection
	GlobalSection(ProjectConfigurationPlatforms) = postSolution
		{82B265FA-F387-4D58-BC02-31FE65D84322}.Debug|Any CPU.ActiveCfg = Debug|Any CPU
		{82B265FA-F387-4D58-BC02-31FE65D84322}.Debug|Any CPU.Build.0 = Debug|Any CPU
		{82B265FA-F387-4D58-BC02-31FE65D84322}.Release|Any CPU.ActiveCfg = Release|Any CPU
		{82B265FA-F387-4D58-BC02-31FE65D84322}.Release|Any CPU.Build.0 = Release|Any CPU
	EndGlobalSection
	GlobalSection(SolutionProperties) = preSolution
		HideSolutionNode = FALSE
	EndGlobalSection
	GlobalSection(ExtensibilityGlobals) = postSolution
		SolutionGuid = {8AD27527-6FD0-486A-9C60-F7A67AD5DA42}
	EndGlobalSection
EndGlobal
